
Microsoft Visual Studio Solution File, Format Version 12.00
# Visual Studio Version 17
VisualStudioVersion = 17.9.34622.214
MinimumVisualStudioVersion = 10.0.40219.1
Project("{9A19103F-16F7-4668-BE54-9A1E7A4F7556}") = "TuringMachineApp", "TuringMachineApp\TuringMachineApp.csproj", "{D004E2B1-846E-4961-B566-90ADE1D36A8F}"
EndProject
Project("{9A19103F-16F7-4668-BE54-9A1E7A4F7556}") = "TuringMachineEmulator", "TuringMachineEmulator\TuringMachineEmulator.csproj", "{7C22C065-E8C8-4904-A7C9-FDFAD33F25E7}"
EndProject
Project("{9A19103F-16F7-4668-BE54-9A1E7A4F7556}") = "TuringMachineEmulator.Tests", "TuringMachineEmulator.Tests\TuringMachineEmulator.Tests.csproj", "{CD1D37C7-469F-451A-9C41-D63240F71A77}"
EndProject
Project("{2150E333-8FDC-42A3-9474-1A3956D46DE8}") = "Solution Items", "Solution Items", "{98B4F749-1339-49D4-A60D-52900B4E887A}"
	ProjectSection(SolutionItems) = preProject
		.editorconfig = .editorconfig
		Samples\1.txt = Samples\1.txt
		Samples\2.txt = Samples\2.txt
		Samples\3.txt = Samples\3.txt
		Samples\4.txt = Samples\4.txt
	EndProjectSection
EndProject
Global
	GlobalSection(SolutionConfigurationPlatforms) = preSolution
		Debug|Any CPU = Debug|Any CPU
		Release|Any CPU = Release|Any CPU
	EndGlobalSection
	GlobalSection(ProjectConfigurationPlatforms) = postSolution
		{D004E2B1-846E-4961-B566-90ADE1D36A8F}.Debug|Any CPU.ActiveCfg = Debug|Any CPU
		{D004E2B1-846E-4961-B566-90ADE1D36A8F}.Debug|Any CPU.Build.0 = Debug|Any CPU
		{D004E2B1-846E-4961-B566-90ADE1D36A8F}.Release|Any CPU.ActiveCfg = Release|Any CPU
		{D004E2B1-846E-4961-B566-90ADE1D36A8F}.Release|Any CPU.Build.0 = Release|Any CPU
		{7C22C065-E8C8-4904-A7C9-FDFAD33F25E7}.Debug|Any CPU.ActiveCfg = Debug|Any CPU
		{7C22C065-E8C8-4904-A7C9-FDFAD33F25E7}.Debug|Any CPU.Build.0 = Debug|Any CPU
		{7C22C065-E8C8-4904-A7C9-FDFAD33F25E7}.Release|Any CPU.ActiveCfg = Release|Any CPU
		{7C22C065-E8C8-4904-A7C9-FDFAD33F25E7}.Release|Any CPU.Build.0 = Release|Any CPU
		{CD1D37C7-469F-451A-9C41-D63240F71A77}.Debug|Any CPU.ActiveCfg = Debug|Any CPU
		{CD1D37C7-469F-451A-9C41-D63240F71A77}.Debug|Any CPU.Build.0 = Debug|Any CPU
		{CD1D37C7-469F-451A-9C41-D63240F71A77}.Release|Any CPU.ActiveCfg = Release|Any CPU
		{CD1D37C7-469F-451A-9C41-D63240F71A77}.Release|Any CPU.Build.0 = Release|Any CPU
	EndGlobalSection
	GlobalSection(SolutionProperties) = preSolution
		HideSolutionNode = FALSE
	EndGlobalSection
	GlobalSection(ExtensibilityGlobals) = postSolution
		SolutionGuid = {AC825B44-99C2-4F39-B206-74863C31796A}
	EndGlobalSection
EndGlobal
